
Microsoft Visual Studio Solution File, Format Version 12.00
# Visual Studio 15
VisualStudioVersion = 15.0.27004.2009
MinimumVisualStudioVersion = 10.0.40219.1
Project("{FAE04EC0-301F-11D3-BF4B-00C04F79EFBC}") = "ee.ls.Models", "ee.ls.Models\ee.ls.Models.csproj", "{8C6D6307-A9D4-4B10-B340-1C6B9F5CF551}"
EndProject
Project("{FAE04EC0-301F-11D3-BF4B-00C04F79EFBC}") = "ee.ls.Service", "ee.ls.Service\ee.ls.Service.csproj", "{0A005DA5-1851-4B02-9DF5-C2501E217011}"
EndProject
Project("{FAE04EC0-301F-11D3-BF4B-00C04F79EFBC}") = "ee.ls.Repository.Mappings", "ee.ls.Repository.Mappings\ee.ls.Repository.Mappings.csproj", "{8EEA1B79-B591-4346-A737-8DC37CD5A266}"
EndProject
Project("{FAE04EC0-301F-11D3-BF4B-00C04F79EFBC}") = "ee.Utility.Npoi", "ee.Utility.Npoi\ee.Utility.Npoi.csproj", "{434C7301-0B32-4044-84CA-BB40413C7861}"
EndProject
Project("{FAE04EC0-301F-11D3-BF4B-00C04F79EFBC}") = "ee.Repository", "ee.Repository\ee.Repository.csproj", "{1C866C8D-9279-489A-8DE9-660DFA18C7D0}"
EndProject
Project("{FAE04EC0-301F-11D3-BF4B-00C04F79EFBC}") = "ee.ls.Repository", "ee.ls.Repository\ee.ls.Repository.csproj", "{55292693-F6C2-4007-93FB-33F4F72954C5}"
EndProject
Project("{2150E333-8FDC-42A3-9474-1A3956D46DE8}") = "Framework", "Framework", "{62B28CBE-1673-4B81-99DD-54F305EFBC18}"
EndProject
Project("{2150E333-8FDC-42A3-9474-1A3956D46DE8}") = "LawyerSystem.Services", "LawyerSystem.Services", "{B2CCA5B4-51C4-45CD-9EEA-E473554737A9}"
EndProject
Project("{FAE04EC0-301F-11D3-BF4B-00C04F79EFBC}") = "ee.ls.Service.Contact", "ee.ls.Service.Contact\ee.ls.Service.Contact.csproj", "{6D32E081-D774-47C1-B062-23B447CB4BF4}"
EndProject
Project("{FAE04EC0-301F-11D3-BF4B-00C04F79EFBC}") = "ee.Framework", "ee.Framework\ee.Framework.csproj", "{0BBFE5A6-E2C4-4D60-AA0D-40277809A253}"
EndProject
Project("{2150E333-8FDC-42A3-9474-1A3956D46DE8}") = "LawyerSystem.Applications", "LawyerSystem.Applications", "{8CB24AC0-5FE0-43D0-86D1-B67EC46DDD74}"
EndProject
Project("{FAE04EC0-301F-11D3-BF4B-00C04F79EFBC}") = "ee.ls.Repository.Factory.Oracle", "ee.ls.Repository.Factory.Oracle\ee.ls.Repository.Factory.Oracle.csproj", "{1A09F28C-850F-4949-80E2-75417A19668D}"
EndProject
Project("{FAE04EC0-301F-11D3-BF4B-00C04F79EFBC}") = "ee.ls.Repository.Factory.Sqlite", "ee.ls.Repository.Factory.Sqlite\ee.ls.Repository.Factory.Sqlite.csproj", "{0D411E46-A32E-4365-8253-149867E0B965}"
EndProject
Project("{2150E333-8FDC-42A3-9474-1A3956D46DE8}") = "UnitTests", "UnitTests", "{F7898EA9-CFCF-4DCB-B31B-CA8DF4241C11}"
EndProject
Project("{FAE04EC0-301F-11D3-BF4B-00C04F79EFBC}") = "ee.ls.Repository.Oracle.Test", "ee.ls.Repository.Oracle.Test\ee.ls.Repository.Oracle.Test.csproj", "{7800472A-F223-46AE-938B-91C059D3F680}"
EndProject
Project("{FAE04EC0-301F-11D3-BF4B-00C04F79EFBC}") = "ee.ls.Repository.Sqlite.Test", "ee.ls.Repository.Sqlite.Test\ee.ls.Repository.Sqlite.Test.csproj", "{A6A5897B-CD7F-4B64-A6CA-72ACA4486199}"
EndProject
Project("{FAE04EC0-301F-11D3-BF4B-00C04F79EFBC}") = "ee.ls.Service.Test", "ee.ls.Service.Test\ee.ls.Service.Test.csproj", "{D1EB5C54-69FC-445C-B1A9-4BFE54BC1FF9}"
EndProject
Project("{FAE04EC0-301F-11D3-BF4B-00C04F79EFBC}") = "ee.ls.ViewModel", "ee.ls.ViewModel\ee.ls.ViewModel.csproj", "{0DCE38E7-A7CA-4690-A36B-F1AEDEA20405}"
EndProject
Project("{FAE04EC0-301F-11D3-BF4B-00C04F79EFBC}") = "ee.LawyerSystem", "ee.LawyerSystem\ee.LawyerSystem.csproj", "{3C2F5F6E-2C3B-42F2-AAB6-DC315DF7C62F}"
EndProject
Global
	GlobalSection(SolutionConfigurationPlatforms) = preSolution
		Debug|Any CPU = Debug|Any CPU
		Release|Any CPU = Release|Any CPU
	EndGlobalSection
	GlobalSection(ProjectConfigurationPlatforms) = postSolution
		{8C6D6307-A9D4-4B10-B340-1C6B9F5CF551}.Debug|Any CPU.ActiveCfg = Debug|Any CPU
		{8C6D6307-A9D4-4B10-B340-1C6B9F5CF551}.Debug|Any CPU.Build.0 = Debug|Any CPU
		{8C6D6307-A9D4-4B10-B340-1C6B9F5CF551}.Release|Any CPU.ActiveCfg = Release|Any CPU
		{8C6D6307-A9D4-4B10-B340-1C6B9F5CF551}.Release|Any CPU.Build.0 = Release|Any CPU
		{0A005DA5-1851-4B02-9DF5-C2501E217011}.Debug|Any CPU.ActiveCfg = Debug|Any CPU
		{0A005DA5-1851-4B02-9DF5-C2501E217011}.Debug|Any CPU.Build.0 = Debug|Any CPU
		{0A005DA5-1851-4B02-9DF5-C2501E217011}.Release|Any CPU.ActiveCfg = Release|Any CPU
		{0A005DA5-1851-4B02-9DF5-C2501E217011}.Release|Any CPU.Build.0 = Release|Any CPU
		{8EEA1B79-B591-4346-A737-8DC37CD5A266}.Debug|Any CPU.ActiveCfg = Debug|Any CPU
		{8EEA1B79-B591-4346-A737-8DC37CD5A266}.Debug|Any CPU.Build.0 = Debug|Any CPU
		{8EEA1B79-B591-4346-A737-8DC37CD5A266}.Release|Any CPU.ActiveCfg = Release|Any CPU
		{8EEA1B79-B591-4346-A737-8DC37CD5A266}.Release|Any CPU.Build.0 = Release|Any CPU
		{434C7301-0B32-4044-84CA-BB40413C7861}.Debug|Any CPU.ActiveCfg = Debug|Any CPU
		{434C7301-0B32-4044-84CA-BB40413C7861}.Debug|Any CPU.Build.0 = Debug|Any CPU
		{434C7301-0B32-4044-84CA-BB40413C7861}.Release|Any CPU.ActiveCfg = Release|Any CPU
		{434C7301-0B32-4044-84CA-BB40413C7861}.Release|Any CPU.Build.0 = Release|Any CPU
		{1C866C8D-9279-489A-8DE9-660DFA18C7D0}.Debug|Any CPU.ActiveCfg = Debug|Any CPU
		{1C866C8D-9279-489A-8DE9-660DFA18C7D0}.Debug|Any CPU.Build.0 = Debug|Any CPU
		{1C866C8D-9279-489A-8DE9-660DFA18C7D0}.Release|Any CPU.ActiveCfg = Release|Any CPU
		{1C866C8D-9279-489A-8DE9-660DFA18C7D0}.Release|Any CPU.Build.0 = Release|Any CPU
		{55292693-F6C2-4007-93FB-33F4F72954C5}.Debug|Any CPU.ActiveCfg = Debug|Any CPU
		{55292693-F6C2-4007-93FB-33F4F72954C5}.Debug|Any CPU.Build.0 = Debug|Any CPU
		{55292693-F6C2-4007-93FB-33F4F72954C5}.Release|Any CPU.ActiveCfg = Release|Any CPU
		{55292693-F6C2-4007-93FB-33F4F72954C5}.Release|Any CPU.Build.0 = Release|Any CPU
		{6D32E081-D774-47C1-B062-23B447CB4BF4}.Debug|Any CPU.ActiveCfg = Debug|Any CPU
		{6D32E081-D774-47C1-B062-23B447CB4BF4}.Debug|Any CPU.Build.0 = Debug|Any CPU
		{6D32E081-D774-47C1-B062-23B447CB4BF4}.Release|Any CPU.ActiveCfg = Release|Any CPU
		{6D32E081-D774-47C1-B062-23B447CB4BF4}.Release|Any CPU.Build.0 = Release|Any CPU
		{0BBFE5A6-E2C4-4D60-AA0D-40277809A253}.Debug|Any CPU.ActiveCfg = Debug|Any CPU
		{0BBFE5A6-E2C4-4D60-AA0D-40277809A253}.Debug|Any CPU.Build.0 = Debug|Any CPU
		{0BBFE5A6-E2C4-4D60-AA0D-40277809A253}.Release|Any CPU.ActiveCfg = Release|Any CPU
		{0BBFE5A6-E2C4-4D60-AA0D-40277809A253}.Release|Any CPU.Build.0 = Release|Any CPU
		{1A09F28C-850F-4949-80E2-75417A19668D}.Debug|Any CPU.ActiveCfg = Debug|Any CPU
		{1A09F28C-850F-4949-80E2-75417A19668D}.Debug|Any CPU.Build.0 = Debug|Any CPU
		{1A09F28C-850F-4949-80E2-75417A19668D}.Release|Any CPU.ActiveCfg = Release|Any CPU
		{1A09F28C-850F-4949-80E2-75417A19668D}.Release|Any CPU.Build.0 = Release|Any CPU
		{0D411E46-A32E-4365-8253-149867E0B965}.Debug|Any CPU.ActiveCfg = Debug|Any CPU
		{0D411E46-A32E-4365-8253-149867E0B965}.Debug|Any CPU.Build.0 = Debug|Any CPU
		{0D411E46-A32E-4365-8253-149867E0B965}.Release|Any CPU.ActiveCfg = Release|Any CPU
		{0D411E46-A32E-4365-8253-149867E0B965}.Release|Any CPU.Build.0 = Release|Any CPU
		{7800472A-F223-46AE-938B-91C059D3F680}.Debug|Any CPU.ActiveCfg = Debug|Any CPU
		{7800472A-F223-46AE-938B-91C059D3F680}.Debug|Any CPU.Build.0 = Debug|Any CPU
		{7800472A-F223-46AE-938B-91C059D3F680}.Release|Any CPU.ActiveCfg = Release|Any CPU
		{7800472A-F223-46AE-938B-91C059D3F680}.Release|Any CPU.Build.0 = Release|Any CPU
		{A6A5897B-CD7F-4B64-A6CA-72ACA4486199}.Debug|Any CPU.ActiveCfg = Debug|Any CPU
		{A6A5897B-CD7F-4B64-A6CA-72ACA4486199}.Debug|Any CPU.Build.0 = Debug|Any CPU
		{A6A5897B-CD7F-4B64-A6CA-72ACA4486199}.Release|Any CPU.ActiveCfg = Release|Any CPU
		{A6A5897B-CD7F-4B64-A6CA-72ACA4486199}.Release|Any CPU.Build.0 = Release|Any CPU
		{D1EB5C54-69FC-445C-B1A9-4BFE54BC1FF9}.Debug|Any CPU.ActiveCfg = Debug|Any CPU
		{D1EB5C54-69FC-445C-B1A9-4BFE54BC1FF9}.Debug|Any CPU.Build.0 = Debug|Any CPU
		{D1EB5C54-69FC-445C-B1A9-4BFE54BC1FF9}.Release|Any CPU.ActiveCfg = Release|Any CPU
		{D1EB5C54-69FC-445C-B1A9-4BFE54BC1FF9}.Release|Any CPU.Build.0 = Release|Any CPU
		{0DCE38E7-A7CA-4690-A36B-F1AEDEA20405}.Debug|Any CPU.ActiveCfg = Debug|Any CPU
		{0DCE38E7-A7CA-4690-A36B-F1AEDEA20405}.Debug|Any CPU.Build.0 = Debug|Any CPU
		{0DCE38E7-A7CA-4690-A36B-F1AEDEA20405}.Release|Any CPU.ActiveCfg = Release|Any CPU
		{0DCE38E7-A7CA-4690-A36B-F1AEDEA20405}.Release|Any CPU.Build.0 = Release|Any CPU
		{3C2F5F6E-2C3B-42F2-AAB6-DC315DF7C62F}.Debug|Any CPU.ActiveCfg = Debug|Any CPU
		{3C2F5F6E-2C3B-42F2-AAB6-DC315DF7C62F}.Debug|Any CPU.Build.0 = Debug|Any CPU
		{3C2F5F6E-2C3B-42F2-AAB6-DC315DF7C62F}.Release|Any CPU.ActiveCfg = Release|Any CPU
		{3C2F5F6E-2C3B-42F2-AAB6-DC315DF7C62F}.Release|Any CPU.Build.0 = Release|Any CPU
	EndGlobalSection
	GlobalSection(SolutionProperties) = preSolution
		HideSolutionNode = FALSE
	EndGlobalSection
	GlobalSection(NestedProjects) = preSolution
		{8C6D6307-A9D4-4B10-B340-1C6B9F5CF551} = {B2CCA5B4-51C4-45CD-9EEA-E473554737A9}
		{0A005DA5-1851-4B02-9DF5-C2501E217011} = {B2CCA5B4-51C4-45CD-9EEA-E473554737A9}
		{8EEA1B79-B591-4346-A737-8DC37CD5A266} = {B2CCA5B4-51C4-45CD-9EEA-E473554737A9}
		{434C7301-0B32-4044-84CA-BB40413C7861} = {62B28CBE-1673-4B81-99DD-54F305EFBC18}
		{1C866C8D-9279-489A-8DE9-660DFA18C7D0} = {62B28CBE-1673-4B81-99DD-54F305EFBC18}
		{55292693-F6C2-4007-93FB-33F4F72954C5} = {B2CCA5B4-51C4-45CD-9EEA-E473554737A9}
		{6D32E081-D774-47C1-B062-23B447CB4BF4} = {B2CCA5B4-51C4-45CD-9EEA-E473554737A9}
		{0BBFE5A6-E2C4-4D60-AA0D-40277809A253} = {62B28CBE-1673-4B81-99DD-54F305EFBC18}
		{1A09F28C-850F-4949-80E2-75417A19668D} = {B2CCA5B4-51C4-45CD-9EEA-E473554737A9}
		{0D411E46-A32E-4365-8253-149867E0B965} = {B2CCA5B4-51C4-45CD-9EEA-E473554737A9}
		{7800472A-F223-46AE-938B-91C059D3F680} = {F7898EA9-CFCF-4DCB-B31B-CA8DF4241C11}
		{A6A5897B-CD7F-4B64-A6CA-72ACA4486199} = {F7898EA9-CFCF-4DCB-B31B-CA8DF4241C11}
		{D1EB5C54-69FC-445C-B1A9-4BFE54BC1FF9} = {F7898EA9-CFCF-4DCB-B31B-CA8DF4241C11}
		{0DCE38E7-A7CA-4690-A36B-F1AEDEA20405} = {8CB24AC0-5FE0-43D0-86D1-B67EC46DDD74}
		{3C2F5F6E-2C3B-42F2-AAB6-DC315DF7C62F} = {8CB24AC0-5FE0-43D0-86D1-B67EC46DDD74}
	EndGlobalSection
	GlobalSection(ExtensibilityGlobals) = postSolution
		SolutionGuid = {016FDFDC-4EA8-4B0A-AB1F-EFBB708BC7DE}
	EndGlobalSection
EndGlobal
